{
  "name": "hardware-monitor",
  "version": "0.0.1",
  "lockfileVersion": 1,
  "requires": true,
  "dependencies": {
    "winax": {
      "version": "3.1.6",
      "resolved": "https://registry.npmjs.org/winax/-/winax-3.1.6.tgz",
      "integrity": "sha512-JfUDnGqhhhWdU71gG3huKjGAHyKnBrlv9Ayadk4lGGO7sfeYAqVUNM6MRjQoRCSqQkr7bcYGKEifrO/5DIsJCw=="
    }
  }
}
